// !$*UTF8*$!
{
	archiveVersion = 1;
	classes = {
	};
	objectVersion = 50;
	objects = {

/* Begin PBXBuildFile section */
		B8218AEF20B3AA2300E8694D /* AppDelegate.m in Sources */ = {isa = PBXBuildFile; fileRef = B8218AEE20B3AA2300E8694D /* AppDelegate.m */; };
		B8218AF220B3AA2400E8694D /* ViewController.m in Sources */ = {isa = PBXBuildFile; fileRef = B8218AF120B3AA2400E8694D /* ViewController.m */; };
		B8218AF520B3AA2400E8694D /* Main.storyboard in Resources */ = {isa = PBXBuildFile; fileRef = B8218AF320B3AA2400E8694D /* Main.storyboard */; };
		B8218AF720B3AA2600E8694D /* Assets.xcassets in Resources */ = {isa = PBXBuildFile; fileRef = B8218AF620B3AA2600E8694D /* Assets.xcassets */; };
		B8218AFA20B3AA2600E8694D /* LaunchScreen.storyboard in Resources */ = {isa = PBXBuildFile; fileRef = B8218AF820B3AA2600E8694D /* LaunchScreen.storyboard */; };
		B8218AFD20B3AA2600E8694D /* main.m in Sources */ = {isa = PBXBuildFile; fileRef = B8218AFC20B3AA2600E8694D /* main.m */; };
		B8218B0720B3AA2600E8694D /* SwiftGitTestTests.m in Sources */ = {isa = PBXBuildFile; fileRef = B8218B0620B3AA2600E8694D /* SwiftGitTestTests.m */; };
		B8218B1220B3AA2600E8694D /* SwiftGitTestUITests.m in Sources */ = {isa = PBXBuildFile; fileRef = B8218B1120B3AA2600E8694D /* SwiftGitTestUITests.m */; };
/* End PBXBuildFile section */

/* Begin PBXContainerItemProxy section */
		B8218B0320B3AA2600E8694D /* PBXContainerItemProxy */ = {
			isa = PBXContainerItemProxy;
			containerPortal = B8218AE220B3AA2300E8694D /* Project object */;
			proxyType = 1;
			remoteGlobalIDString = B8218AE920B3AA2300E8694D;
			remoteInfo = SwiftGitTest;
		};
		B8218B0E20B3AA2600E8694D /* PBXContainerItemProxy */ = {
			isa = PBXContainerItemProxy;
			containerPortal = B8218AE220B3AA2300E8694D /* Project object */;
			proxyType = 1;
			remoteGlobalIDString = B8218AE920B3AA2300E8694D;
			remoteInfo = SwiftGitTest;
		};
/* End PBXContainerItemProxy section */

/* Begin PBXFileReference section */
		B8218AEA20B3AA2300E8694D /* SwiftGitTest.app */ = {isa = PBXFileReference; explicitFileType = wrapper.application; includeInIndex = 0; path = SwiftGitTest.app; sourceTree = BUILT_PRODUCTS_DIR; };
		B8218AED20B3AA2300E8694D /* AppDelegate.h */ = {isa = PBXFileReference; lastKnownFileType = sourcecode.c.h; path = AppDelegate.h; sourceTree = "<group>"; };
		B8218AEE20B3AA2300E8694D /* AppDelegate.m */ = {isa = PBXFileReference; lastKnownFileType = sourcecode.c.objc; path = AppDelegate.m; sourceTree = "<group>"; };
		B8218AF020B3AA2300E8694D /* ViewController.h */ = {isa = PBXFileReference; lastKnownFileType = sourcecode.c.h; path = ViewController.h; sourceTree = "<group>"; };
		B8218AF120B3AA2400E8694D /* ViewController.m */ = {isa = PBXFileReference; lastKnownFileType = sourcecode.c.objc; path = ViewController.m; sourceTree = "<group>"; };
		B8218AF420B3AA2400E8694D /* Base */ = {isa = PBXFileReference; lastKnownFileType = file.storyboard; name = Base; path = Base.lproj/Main.storyboard; sourceTree = "<group>"; };
		B8218AF620B3AA2600E8694D /* Assets.xcassets */ = {isa = PBXFileReference; lastKnownFileType = folder.assetcatalog; path = Assets.xcassets; sourceTree = "<group>"; };
		B8218AF920B3AA2600E8694D /* Base */ = {isa = PBXFileReference; lastKnownFileType = file.storyboard; name = Base; path = Base.lproj/LaunchScreen.storyboard; sourceTree = "<group>"; };
		B8218AFB20B3AA2600E8694D /* Info.plist */ = {isa = PBXFileReference; lastKnownFileType = text.plist.xml; path = Info.plist; sourceTree = "<group>"; };
		B8218AFC20B3AA2600E8694D /* main.m */ = {isa = PBXFileReference; lastKnownFileType = sourcecode.c.objc; path = main.m; sourceTree = "<group>"; };
		B8218B0220B3AA2600E8694D /* SwiftGitTestTests.xctest */ = {isa = PBXFileReference; explicitFileType = wrapper.cfbundle; includeInIndex = 0; path = SwiftGitTestTests.xctest; sourceTree = BUILT_PRODUCTS_DIR; };
		B8218B0620B3AA2600E8694D /* SwiftGitTestTests.m */ = {isa = PBXFileReference; lastKnownFileType = sourcecode.c.objc; path = SwiftGitTestTests.m; sourceTree = "<group>"; };
		B8218B0820B3AA2600E8694D /* Info.plist */ = {isa = PBXFileReference; lastKnownFileType = text.plist.xml; path = Info.plist; sourceTree = "<group>"; };
		B8218B0D20B3AA2600E8694D /* SwiftGitTestUITests.xctest */ = {isa = PBXFileReference; explicitFileType = wrapper.cfbundle; includeInIndex = 0; path = SwiftGitTestUITests.xctest; sourceTree = BUILT_PRODUCTS_DIR; };
		B8218B1120B3AA2600E8694D /* SwiftGitTestUITests.m */ = {isa = PBXFileReference; lastKnownFileType = sourcecode.c.objc; path = SwiftGitTestUITests.m; sourceTree = "<group>"; };
		B8218B1320B3AA2600E8694D /* Info.plist */ = {isa = PBXFileReference; lastKnownFileType = text.plist.xml; path = Info.plist; sourceTree = "<group>"; };
/* End PBXFileReference section */

/* Begin PBXFrameworksBuildPhase section */
		B8218AE720B3AA2300E8694D /* Frameworks */ = {
			isa = PBXFrameworksBuildPhase;
			buildActionMask = 2147483647;
			files = (
			);
			runOnlyForDeploymentPostprocessing = 0;
		};
		B8218AFF20B3AA2600E8694D /* Frameworks */ = {
			isa = PBXFrameworksBuildPhase;
			buildActionMask = 2147483647;
			files = (
			);
			runOnlyForDeploymentPostprocessing = 0;
		};
		B8218B0A20B3AA2600E8694D /* Frameworks */ = {
			isa = PBXFrameworksBuildPhase;
			buildActionMask = 2147483647;
			files = (
			);
			runOnlyForDeploymentPostprocessing = 0;
		};
/* End PBXFrameworksBuildPhase section */

/* Begin PBXGroup section */
		B8218AE120B3AA2300E8694D = {
			isa = PBXGroup;
			children = (
				B8218AEC20B3AA2300E8694D /* SwiftGitTest */,
				B8218B0520B3AA2600E8694D /* SwiftGitTestTests */,
				B8218B1020B3AA2600E8694D /* SwiftGitTestUITests */,
				B8218AEB20B3AA2300E8694D /* Products */,
			);
			sourceTree = "<group>";
		};
		B8218AEB20B3AA2300E8694D /* Products */ = {
			isa = PBXGroup;
			children = (
				B8218AEA20B3AA2300E8694D /* SwiftGitTest.app */,
				B8218B0220B3AA2600E8694D /* SwiftGitTestTests.xctest */,
				B8218B0D20B3AA2600E8694D /* SwiftGitTestUITests.xctest */,
			);
			name = Products;
			sourceTree = "<group>";
		};
		B8218AEC20B3AA2300E8694D /* SwiftGitTest */ = {
			isa = PBXGroup;
			children = (
				B8218AED20B3AA2300E8694D /* AppDelegate.h */,
				B8218AEE20B3AA2300E8694D /* AppDelegate.m */,
				B8218AF020B3AA2300E8694D /* ViewController.h */,
				B8218AF120B3AA2400E8694D /* ViewController.m */,
				B8218AF320B3AA2400E8694D /* Main.storyboard */,
				B8218AF620B3AA2600E8694D /* Assets.xcassets */,
				B8218AF820B3AA2600E8694D /* LaunchScreen.storyboard */,
				B8218AFB20B3AA2600E8694D /* Info.plist */,
				B8218AFC20B3AA2600E8694D /* main.m */,
			);
			path = SwiftGitTest;
			sourceTree = "<group>";
		};
		B8218B0520B3AA2600E8694D /* SwiftGitTestTests */ = {
			isa = PBXGroup;
			children = (
				B8218B0620B3AA2600E8694D /* SwiftGitTestTests.m */,
				B8218B0820B3AA2600E8694D /* Info.plist */,
			);
			path = SwiftGitTestTests;
			sourceTree = "<group>";
		};
		B8218B1020B3AA2600E8694D /* SwiftGitTestUITests */ = {
			isa = PBXGroup;
			children = (
				B8218B1120B3AA2600E8694D /* SwiftGitTestUITests.m */,
				B8218B1320B3AA2600E8694D /* Info.plist */,
			);
			path = SwiftGitTestUITests;
			sourceTree = "<group>";
		};
/* End PBXGroup section */

/* Begin PBXNativeTarget section */
		B8218AE920B3AA2300E8694D /* SwiftGitTest */ = {
			isa = PBXNativeTarget;
			buildConfigurationList = B8218B1620B3AA2600E8694D /* Build configuration list for PBXNativeTarget "SwiftGitTest" */;
			buildPhases = (
				B8218AE620B3AA2300E8694D /* Sources */,
				B8218AE720B3AA2300E8694D /* Frameworks */,
				B8218AE820B3AA2300E8694D /* Resources */,
			);
			buildRules = (
			);
			dependencies = (
			);
			name = SwiftGitTest;
			productName = SwiftGitTest;
			productReference = B8218AEA20B3AA2300E8694D /* SwiftGitTest.app */;
			productType = "com.apple.product-type.application";
		};
		B8218B0120B3AA2600E8694D /* SwiftGitTestTests */ = {
			isa = PBXNativeTarget;
			buildConfigurationList = B8218B1920B3AA2600E8694D /* Build configuration list for PBXNativeTarget "SwiftGitTestTests" */;
			buildPhases = (
				B8218AFE20B3AA2600E8694D /* Sources */,
				B8218AFF20B3AA2600E8694D /* Frameworks */,
				B8218B0020B3AA2600E8694D /* Resources */,
			);
			buildRules = (
			);
			dependencies = (
				B8218B0420B3AA2600E8694D /* PBXTargetDependency */,
			);
			name = SwiftGitTestTests;
			productName = SwiftGitTestTests;
			productReference = B8218B0220B3AA2600E8694D /* SwiftGitTestTests.xctest */;
			productType = "com.apple.product-type.bundle.unit-test";
		};
		B8218B0C20B3AA2600E8694D /* SwiftGitTestUITests */ = {
			isa = PBXNativeTarget;
			buildConfigurationList = B8218B1C20B3AA2600E8694D /* Build configuration list for PBXNativeTarget "SwiftGitTestUITests" */;
			buildPhases = (
				B8218B0920B3AA2600E8694D /* Sources */,
				B8218B0A20B3AA2600E8694D /* Frameworks */,
				B8218B0B20B3AA2600E8694D /* Resources */,
			);
			buildRules = (
			);
			dependencies = (
				B8218B0F20B3AA2600E8694D /* PBXTargetDependency */,
			);
			name = SwiftGitTestUITests;
			productName = SwiftGitTestUITests;
			productReference = B8218B0D20B3AA2600E8694D /* SwiftGitTestUITests.xctest */;
			productType = "com.apple.product-type.bundle.ui-testing";
		};
/* End PBXNativeTarget section */

/* Begin PBXProject section */
		B8218AE220B3AA2300E8694D /* Project object */ = {
			isa = PBXProject;
			attributes = {
				LastUpgradeCheck = 0930;
				ORGANIZATIONNAME = tangjie;
				TargetAttributes = {
					B8218AE920B3AA2300E8694D = {
						CreatedOnToolsVersion = 9.3.1;
					};
					B8218B0120B3AA2600E8694D = {
						CreatedOnToolsVersion = 9.3.1;
						TestTargetID = B8218AE920B3AA2300E8694D;
					};
					B8218B0C20B3AA2600E8694D = {
						CreatedOnToolsVersion = 9.3.1;
						TestTargetID = B8218AE920B3AA2300E8694D;
					};
				};
			};
			buildConfigurationList = B8218AE520B3AA2300E8694D /* Build configuration list for PBXProject "SwiftGitTest" */;
			compatibilityVersion = "Xcode 9.3";
			developmentRegion = en;
			hasScannedForEncodings = 0;
			knownRegions = (
				en,
				Base,
			);
			mainGroup = B8218AE120B3AA2300E8694D;
			productRefGroup = B8218AEB20B3AA2300E8694D /* Products */;
			projectDirPath = "";
			projectRoot = "";
			targets = (
				B8218AE920B3AA2300E8694D /* SwiftGitTest */,
				B8218B0120B3AA2600E8694D /* SwiftGitTestTests */,
				B8218B0C20B3AA2600E8694D /* SwiftGitTestUITests */,
			);
		};
/* End PBXProject section */

/* Begin PBXResourcesBuildPhase section */
		B8218AE820B3AA2300E8694D /* Resources */ = {
			isa = PBXResourcesBuildPhase;
			buildActionMask = 2147483647;
			files = (
				B8218AFA20B3AA2600E8694D /* LaunchScreen.storyboard in Resources */,
				B8218AF720B3AA2600E8694D /* Assets.xcassets in Resources */,
				B8218AF520B3AA2400E8694D /* Main.storyboard in Resources */,
			);
			runOnlyForDeploymentPostprocessing = 0;
		};
		B8218B0020B3AA2600E8694D /* Resources */ = {
			isa = PBXResourcesBuildPhase;
			buildActionMask = 2147483647;
			files = (
			);
			runOnlyForDeploymentPostprocessing = 0;
		};
		B8218B0B20B3AA2600E8694D /* Resources */ = {
			isa = PBXResourcesBuildPhase;
			buildActionMask = 2147483647;
			files = (
			);
			runOnlyForDeploymentPostprocessing = 0;
		};
/* End PBXResourcesBuildPhase section */

/* Begin PBXSourcesBuildPhase section */
		B8218AE620B3AA2300E8694D /* Sources */ = {
			isa = PBXSourcesBuildPhase;
			buildActionMask = 2147483647;
			files = (
				B8218AF220B3AA2400E8694D /* ViewController.m in Sources */,
				B8218AFD20B3AA2600E8694D /* main.m in Sources */,
				B8218AEF20B3AA2300E8694D /* AppDelegate.m in Sources */,
			);
			runOnlyForDeploymentPostprocessing = 0;
		};
		B8218AFE20B3AA2600E8694D /* Sources */ = {
			isa = PBXSourcesBuildPhase;
			buildActionMask = 2147483647;
			files = (
				B8218B0720B3AA2600E8694D /* SwiftGitTestTests.m in Sources */,
			);
			runOnlyForDeploymentPostprocessing = 0;
		};
		B8218B0920B3AA2600E8694D /* Sources */ = {
			isa = PBXSourcesBuildPhase;
			buildActionMask = 2147483647;
			files = (
				B8218B1220B3AA2600E8694D /* SwiftGitTestUITests.m in Sources */,
			);
			runOnlyForDeploymentPostprocessing = 0;
		};
/* End PBXSourcesBuildPhase section */

/* Begin PBXTargetDependency section */
		B8218B0420B3AA2600E8694D /* PBXTargetDependency */ = {
			isa = PBXTargetDependency;
			target = B8218AE920B3AA2300E8694D /* SwiftGitTest */;
			targetProxy = B8218B0320B3AA2600E8694D /* PBXContainerItemProxy */;
		};
		B8218B0F20B3AA2600E8694D /* PBXTargetDependency */ = {
			isa = PBXTargetDependency;
			target = B8218AE920B3AA2300E8694D /* SwiftGitTest */;
			targetProxy = B8218B0E20B3AA2600E8694D /* PBXContainerItemProxy */;
		};
/* End PBXTargetDependency section */

/* Begin PBXVariantGroup section */
		B8218AF320B3AA2400E8694D /* Main.storyboard */ = {
			isa = PBXVariantGroup;
			children = (
				B8218AF420B3AA2400E8694D /* Base */,
			);
			name = Main.storyboard;
			sourceTree = "<group>";
		};
		B8218AF820B3AA2600E8694D /* LaunchScreen.storyboard */ = {
			isa = PBXVariantGroup;
			children = (
				B8218AF920B3AA2600E8694D /* Base */,
			);
			name = LaunchScreen.storyboard;
			sourceTree = "<group>";
		};
/* End PBXVariantGroup section */

/* Begin XCBuildConfiguration section */
		B8218B1420B3AA2600E8694D /* Debug */ = {
			isa = XCBuildConfiguration;
			buildSettings = {
				ALWAYS_SEARCH_USER_PATHS = NO;
				CLANG_ANALYZER_NONNULL = YES;
				CLANG_ANALYZER_NUMBER_OBJECT_CONVERSION = YES_AGGRESSIVE;
				CLANG_CXX_LANGUAGE_STANDARD = "gnu++14";
				CLANG_CXX_LIBRARY = "libc++";
				CLANG_ENABLE_MODULES = YES;
				CLANG_ENABLE_OBJC_ARC = YES;
				CLANG_ENABLE_OBJC_WEAK = YES;
				CLANG_WARN_BLOCK_CAPTURE_AUTORELEASING = YES;
				CLANG_WARN_BOOL_CONVERSION = YES;
				CLANG_WARN_COMMA = YES;
				CLANG_WARN_CONSTANT_CONVERSION = YES;
				CLANG_WARN_DEPRECATED_OBJC_IMPLEMENTATIONS = YES;
				CLANG_WARN_DIRECT_OBJC_ISA_USAGE = YES_ERROR;
				CLANG_WARN_DOCUMENTATION_COMMENTS = YES;
				CLANG_WARN_EMPTY_BODY = YES;
				CLANG_WARN_ENUM_CONVERSION = YES;
				CLANG_WARN_INFINITE_RECURSION = YES;
				CLANG_WARN_INT_CONVERSION = YES;
				CLANG_WARN_NON_LITERAL_NULL_CONVERSION = YES;
				CLANG_WARN_OBJC_IMPLICIT_RETAIN_SELF = YES;
				CLANG_WARN_OBJC_LITERAL_CONVERSION = YES;
				CLANG_WARN_OBJC_ROOT_CLASS = YES_ERROR;
				CLANG_WARN_RANGE_LOOP_ANALYSIS = YES;
				CLANG_WARN_STRICT_PROTOTYPES = YES;
				CLANG_WARN_SUSPICIOUS_MOVE = YES;
				CLANG_WARN_UNGUARDED_AVAILABILITY = YES_AGGRESSIVE;
				CLANG_WARN_UNREACHABLE_CODE = YES;
				CLANG_WARN__DUPLICATE_METHOD_MATCH = YES;
				CODE_SIGN_IDENTITY = "iPhone Developer";
				COPY_PHASE_STRIP = NO;
				DEBUG_INFORMATION_FORMAT = dwarf;
				ENABLE_STRICT_OBJC_MSGSEND = YES;
				ENABLE_TESTABILITY = YES;
				GCC_C_LANGUAGE_STANDARD = gnu11;
				GCC_DYNAMIC_NO_PIC = NO;
				GCC_NO_COMMON_BLOCKS = YES;
				GCC_OPTIMIZATION_LEVEL = 0;
				GCC_PREPROCESSOR_DEFINITIONS = (
					"DEBUG=1",
					"$(inherited)",
				);
				GCC_WARN_64_TO_32_BIT_CONVERSION = YES;
				GCC_WARN_ABOUT_RETURN_TYPE = YES_ERROR;
				GCC_WARN_UNDECLARED_SELECTOR = YES;
				GCC_WARN_UNINITIALIZED_AUTOS = YES_AGGRESSIVE;
				GCC_WARN_UNUSED_FUNCTION = YES;
				GCC_WARN_UNUSED_VARIABLE = YES;
				IPHONEOS_DEPLOYMENT_TARGET = 11.3;
				MTL_ENABLE_DEBUG_INFO = YES;
				ONLY_ACTIVE_ARCH = YES;
				SDKROOT = iphoneos;
			};
			name = Debug;
		};
		B8218B1520B3AA2600E8694D /* Release */ = {
			isa = XCBuildConfiguration;
			buildSettings = {
				ALWAYS_SEARCH_USER_PATHS = NO;
				CLANG_ANALYZER_NONNULL = YES;
				CLANG_ANALYZER_NUMBER_OBJECT_CONVERSION = YES_AGGRESSIVE;
				CLANG_CXX_LANGUAGE_STANDARD = "gnu++14";
				CLANG_CXX_LIBRARY = "libc++";
				CLANG_ENABLE_MODULES = YES;
				CLANG_ENABLE_OBJC_ARC = YES;
				CLANG_ENABLE_OBJC_WEAK = YES;
				CLANG_WARN_BLOCK_CAPTURE_AUTORELEASING = YES;
				CLANG_WARN_BOOL_CONVERSION = YES;
				CLANG_WARN_COMMA = YES;
				CLANG_WARN_CONSTANT_CONVERSION = YES;
				CLANG_WARN_DEPRECATED_OBJC_IMPLEMENTATIONS = YES;
				CLANG_WARN_DIRECT_OBJC_ISA_USAGE = YES_ERROR;
				CLANG_WARN_DOCUMENTATION_COMMENTS = YES;
				CLANG_WARN_EMPTY_BODY = YES;
				CLANG_WARN_ENUM_CONVERSION = YES;
				CLANG_WARN_INFINITE_RECURSION = YES;
				CLANG_WARN_INT_CONVERSION = YES;
				CLANG_WARN_NON_LITERAL_NULL_CONVERSION = YES;
				CLANG_WARN_OBJC_IMPLICIT_RETAIN_SELF = YES;
				CLANG_WARN_OBJC_LITERAL_CONVERSION = YES;
				CLANG_WARN_OBJC_ROOT_CLASS = YES_ERROR;
				CLANG_WARN_RANGE_LOOP_ANALYSIS = YES;
				CLANG_WARN_STRICT_PROTOTYPES = YES;
				CLANG_WARN_SUSPICIOUS_MOVE = YES;
				CLANG_WARN_UNGUARDED_AVAILABILITY = YES_AGGRESSIVE;
				CLANG_WARN_UNREACHABLE_CODE = YES;
				CLANG_WARN__DUPLICATE_METHOD_MATCH = YES;
				CODE_SIGN_IDENTITY = "iPhone Developer";
				COPY_PHASE_STRIP = NO;
				DEBUG_INFORMATION_FORMAT = "dwarf-with-dsym";
				ENABLE_NS_ASSERTIONS = NO;
				ENABLE_STRICT_OBJC_MSGSEND = YES;
				GCC_C_LANGUAGE_STANDARD = gnu11;
				GCC_NO_COMMON_BLOCKS = YES;
				GCC_WARN_64_TO_32_BIT_CONVERSION = YES;
				GCC_WARN_ABOUT_RETURN_TYPE = YES_ERROR;
				GCC_WARN_UNDECLARED_SELECTOR = YES;
				GCC_WARN_UNINITIALIZED_AUTOS = YES_AGGRESSIVE;
				GCC_WARN_UNUSED_FUNCTION = YES;
				GCC_WARN_UNUSED_VARIABLE = YES;
				IPHONEOS_DEPLOYMENT_TARGET = 11.3;
				MTL_ENABLE_DEBUG_INFO = NO;
				SDKROOT = iphoneos;
				VALIDATE_PRODUCT = YES;
			};
			name = Release;
		};
		B8218B1720B3AA2600E8694D /* Debug */ = {
			isa = XCBuildConfiguration;
			buildSettings = {
				ASSETCATALOG_COMPILER_APPICON_NAME = AppIcon;
				CODE_SIGN_STYLE = Automatic;
				DEVELOPMENT_TEAM = N9L865KY6R;
				INFOPLIST_FILE = SwiftGitTest/Info.plist;
				LD_RUNPATH_SEARCH_PATHS = (
					"$(inherited)",
					"@executable_path/Frameworks",
				);
				PRODUCT_BUNDLE_IDENTIFIER = tangjie.SwiftGitTest;
				PRODUCT_NAME = "$(TARGET_NAME)";
				TARGETED_DEVICE_FAMILY = "1,2";
			};
			name = Debug;
		};
		B8218B1820B3AA2600E8694D /* Release */ = {
			isa = XCBuildConfiguration;
			buildSettings = {
				ASSETCATALOG_COMPILER_APPICON_NAME = AppIcon;
				CODE_SIGN_STYLE = Automatic;
				DEVELOPMENT_TEAM = N9L865KY6R;
				INFOPLIST_FILE = SwiftGitTest/Info.plist;
				LD_RUNPATH_SEARCH_PATHS = (
					"$(inherited)",
					"@executable_path/Frameworks",
				);
				PRODUCT_BUNDLE_IDENTIFIER = tangjie.SwiftGitTest;
				PRODUCT_NAME = "$(TARGET_NAME)";
				TARGETED_DEVICE_FAMILY = "1,2";
			};
			name = Release;
		};
		B8218B1A20B3AA2600E8694D /* Debug */ = {
			isa = XCBuildConfiguration;
			buildSettings = {
				BUNDLE_LOADER = "$(TEST_HOST)";
				CODE_SIGN_STYLE = Automatic;
				DEVELOPMENT_TEAM = N9L865KY6R;
				INFOPLIST_FILE = SwiftGitTestTests/Info.plist;
				LD_RUNPATH_SEARCH_PATHS = (
					"$(inherited)",
					"@executable_path/Frameworks",
					"@loader_path/Frameworks",
				);
				PRODUCT_BUNDLE_IDENTIFIER = tangjie.SwiftGitTestTests;
				PRODUCT_NAME = "$(TARGET_NAME)";
				TARGETED_DEVICE_FAMILY = "1,2";
				TEST_HOST = "$(BUILT_PRODUCTS_DIR)/SwiftGitTest.app/SwiftGitTest";
			};
			name = Debug;
		};
		B8218B1B20B3AA2600E8694D /* Release */ = {
			isa = XCBuildConfiguration;
			buildSettings = {
				BUNDLE_LOADER = "$(TEST_HOST)";
				CODE_SIGN_STYLE = Automatic;
				DEVELOPMENT_TEAM = N9L865KY6R;
				INFOPLIST_FILE = SwiftGitTestTests/Info.plist;
				LD_RUNPATH_SEARCH_PATHS = (
					"$(inherited)",
					"@executable_path/Frameworks",
					"@loader_path/Frameworks",
				);
				PRODUCT_BUNDLE_IDENTIFIER = tangjie.SwiftGitTestTests;
				PRODUCT_NAME = "$(TARGET_NAME)";
				TARGETED_DEVICE_FAMILY = "1,2";
				TEST_HOST = "$(BUILT_PRODUCTS_DIR)/SwiftGitTest.app/SwiftGitTest";
			};
			name = Release;
		};
		B8218B1D20B3AA2600E8694D /* Debug */ = {
			isa = XCBuildConfiguration;
			buildSettings = {
				CODE_SIGN_STYLE = Automatic;
				DEVELOPMENT_TEAM = N9L865KY6R;
				INFOPLIST_FILE = SwiftGitTestUITests/Info.plist;
				LD_RUNPATH_SEARCH_PATHS = (
					"$(inherited)",
					"@executable_path/Frameworks",
					"@loader_path/Frameworks",
				);
				PRODUCT_BUNDLE_IDENTIFIER = tangjie.SwiftGitTestUITests;
				PRODUCT_NAME = "$(TARGET_NAME)";
				TARGETED_DEVICE_FAMILY = "1,2";
				TEST_TARGET_NAME = SwiftGitTest;
			};
			name = Debug;
		};
		B8218B1E20B3AA2600E8694D /* Release */ = {
			isa = XCBuildConfiguration;
			buildSettings = {
				CODE_SIGN_STYLE = Automatic;
				DEVELOPMENT_TEAM = N9L865KY6R;
				INFOPLIST_FILE = SwiftGitTestUITests/Info.plist;
				LD_RUNPATH_SEARCH_PATHS = (
					"$(inherited)",
					"@executable_path/Frameworks",
					"@loader_path/Frameworks",
				);
				PRODUCT_BUNDLE_IDENTIFIER = tangjie.SwiftGitTestUITests;
				PRODUCT_NAME = "$(TARGET_NAME)";
				TARGETED_DEVICE_FAMILY = "1,2";
				TEST_TARGET_NAME = SwiftGitTest;
			};
			name = Release;
		};
/* End XCBuildConfiguration section */

/* Begin XCConfigurationList section */
		B8218AE520B3AA2300E8694D /* Build configuration list for PBXProject "SwiftGitTest" */ = {
			isa = XCConfigurationList;
			buildConfigurations = (
				B8218B1420B3AA2600E8694D /* Debug */,
				B8218B1520B3AA2600E8694D /* Release */,
			);
			defaultConfigurationIsVisible = 0;
			defaultConfigurationName = Release;
		};
		B8218B1620B3AA2600E8694D /* Build configuration list for PBXNativeTarget "SwiftGitTest" */ = {
			isa = XCConfigurationList;
			buildConfigurations = (
				B8218B1720B3AA2600E8694D /* Debug */,
				B8218B1820B3AA2600E8694D /* Release */,
			);
			defaultConfigurationIsVisible = 0;
			defaultConfigurationName = Release;
		};
		B8218B1920B3AA2600E8694D /* Build configuration list for PBXNativeTarget "SwiftGitTestTests" */ = {
			isa = XCConfigurationList;
			buildConfigurations = (
				B8218B1A20B3AA2600E8694D /* Debug */,
				B8218B1B20B3AA2600E8694D /* Release */,
			);
			defaultConfigurationIsVisible = 0;
			defaultConfigurationName = Release;
		};
		B8218B1C20B3AA2600E8694D /* Build configuration list for PBXNativeTarget "SwiftGitTestUITests" */ = {
			isa = XCConfigurationList;
			buildConfigurations = (
				B8218B1D20B3AA2600E8694D /* Debug */,
				B8218B1E20B3AA2600E8694D /* Release */,
			);
			defaultConfigurationIsVisible = 0;
			defaultConfigurationName = Release;
		};
/* End XCConfigurationList section */
	};
	rootObject = B8218AE220B3AA2300E8694D /* Project object */;
}
